
Microsoft Visual Studio Solution File, Format Version 12.00
# Visual Studio 2013
VisualStudioVersion = 12.0.40629.0
MinimumVisualStudioVersion = 10.0.40219.1
Project("{FAE04EC0-301F-11D3-BF4B-00C04F79EFBC}") = "Skybrud.Umbraco.Dashboard", "Skybrud.Umbraco.Dashboard\Skybrud.Umbraco.Dashboard.csproj", "{8DA5DF79-99BD-4CEA-9506-D171466C9693}"
EndProject
Project("{2150E333-8FDC-42A3-9474-1A3956D46DE8}") = "Solution Items", "Solution Items", "{FEB45ED6-EDD3-422A-A1FC-584D72C10F01}"
	ProjectSection(SolutionItems) = preProject
		WebEssentials-Settings.json = WebEssentials-Settings.json
	EndProjectSection
EndProject
Global
	GlobalSection(SolutionConfigurationPlatforms) = preSolution
		Debug|Any CPU = Debug|Any CPU
		Release|Any CPU = Release|Any CPU
	EndGlobalSection
	GlobalSection(ProjectConfigurationPlatforms) = postSolution
		{8DA5DF79-99BD-4CEA-9506-D171466C9693}.Debug|Any CPU.ActiveCfg = Debug|Any CPU
		{8DA5DF79-99BD-4CEA-9506-D171466C9693}.Debug|Any CPU.Build.0 = Debug|Any CPU
		{8DA5DF79-99BD-4CEA-9506-D171466C9693}.Release|Any CPU.ActiveCfg = Release|Any CPU
		{8DA5DF79-99BD-4CEA-9506-D171466C9693}.Release|Any CPU.Build.0 = Release|Any CPU
	EndGlobalSection
	GlobalSection(SolutionProperties) = preSolution
		HideSolutionNode = FALSE
	EndGlobalSection
EndGlobal
